
Microsoft Visual Studio Solution File, Format Version 12.00
# Visual Studio 15
VisualStudioVersion = 15.0.28307.168
MinimumVisualStudioVersion = 10.0.40219.1
Project("{FAE04EC0-301F-11D3-BF4B-00C04F79EFBC}") = "GetBankList", "GetBankList\GetBankList.csproj", "{404E41E8-A1A5-4ADC-A622-297878FBFBE3}"
EndProject
Global
	GlobalSection(SolutionConfigurationPlatforms) = preSolution
		Debug|Any CPU = Debug|Any CPU
		Release|Any CPU = Release|Any CPU
	EndGlobalSection
	GlobalSection(ProjectConfigurationPlatforms) = postSolution
		{404E41E8-A1A5-4ADC-A622-297878FBFBE3}.Debug|Any CPU.ActiveCfg = Debug|Any CPU
		{404E41E8-A1A5-4ADC-A622-297878FBFBE3}.Debug|Any CPU.Build.0 = Debug|Any CPU
		{404E41E8-A1A5-4ADC-A622-297878FBFBE3}.Release|Any CPU.ActiveCfg = Release|Any CPU
		{404E41E8-A1A5-4ADC-A622-297878FBFBE3}.Release|Any CPU.Build.0 = Release|Any CPU
	EndGlobalSection
	GlobalSection(SolutionProperties) = preSolution
		HideSolutionNode = FALSE
	EndGlobalSection
	GlobalSection(ExtensibilityGlobals) = postSolution
		SolutionGuid = {E14DE2F3-B6A7-4114-9523-28C4A8AB60CC}
	EndGlobalSection
EndGlobal
